// !$*UTF8*$!
{
	archiveVersion = 1;
	classes = {
	};
	objectVersion = 46;
	objects = {

/* Begin PBXBuildFile section */
		BAAABA921F377D290036742F /* AppDelegate.swift in Sources */ = {isa = PBXBuildFile; fileRef = BAAABA911F377D290036742F /* AppDelegate.swift */; };
		BAAABA941F377D290036742F /* ViewController.swift in Sources */ = {isa = PBXBuildFile; fileRef = BAAABA931F377D290036742F /* ViewController.swift */; };
		BAAABA971F377D290036742F /* Main.storyboard in Resources */ = {isa = PBXBuildFile; fileRef = BAAABA951F377D290036742F /* Main.storyboard */; };
		BAAABA9A1F377D290036742F /* Foo.xcdatamodeld in Sources */ = {isa = PBXBuildFile; fileRef = BAAABA981F377D290036742F /* Foo.xcdatamodeld */; };
		BAAABA9C1F377D290036742F /* Assets.xcassets in Resources */ = {isa = PBXBuildFile; fileRef = BAAABA9B1F377D290036742F /* Assets.xcassets */; };
		BAAABA9F1F377D290036742F /* LaunchScreen.storyboard in Resources */ = {isa = PBXBuildFile; fileRef = BAAABA9D1F377D290036742F /* LaunchScreen.storyboard */; };
/* End PBXBuildFile section */

/* Begin PBXFileReference section */
		BAAABA8E1F377D290036742F /* Foo.app */ = {isa = PBXFileReference; explicitFileType = wrapper.application; includeInIndex = 0; path = Foo.app; sourceTree = BUILT_PRODUCTS_DIR; };
		BAAABA911F377D290036742F /* AppDelegate.swift */ = {isa = PBXFileReference; lastKnownFileType = sourcecode.swift; path = AppDelegate.swift; sourceTree = "<group>"; };
		BAAABA931F377D290036742F /* ViewController.swift */ = {isa = PBXFileReference; lastKnownFileType = sourcecode.swift; path = ViewController.swift; sourceTree = "<group>"; };
		BAAABA961F377D290036742F /* Base */ = {isa = PBXFileReference; lastKnownFileType = file.storyboard; name = Base; path = Base.lproj/Main.storyboard; sourceTree = "<group>"; };
		BAAABA991F377D290036742F /* Foo.xcdatamodel */ = {isa = PBXFileReference; lastKnownFileType = wrapper.xcdatamodel; path = Foo.xcdatamodel; sourceTree = "<group>"; };
		BAAABA9B1F377D290036742F /* Assets.xcassets */ = {isa = PBXFileReference; lastKnownFileType = folder.assetcatalog; path = Assets.xcassets; sourceTree = "<group>"; };
		BAAABA9E1F377D290036742F /* Base */ = {isa = PBXFileReference; lastKnownFileType = file.storyboard; name = Base; path = Base.lproj/LaunchScreen.storyboard; sourceTree = "<group>"; };
		BAAABAA01F377D290036742F /* Info.plist */ = {isa = PBXFileReference; lastKnownFileType = text.plist.xml; path = Info.plist; sourceTree = "<group>"; };
/* End PBXFileReference section */

/* Begin PBXFrameworksBuildPhase section */
		BAAABA8B1F377D290036742F /* Frameworks */ = {
			isa = PBXFrameworksBuildPhase;
			buildActionMask = 2147483647;
			files = (
			);
			runOnlyForDeploymentPostprocessing = 0;
		};
/* End PBXFrameworksBuildPhase section */

/* Begin PBXGroup section */
		BAAABA851F377D290036742F = {
			isa = PBXGroup;
			children = (
				BAAABA901F377D290036742F /* Foo */,
				BAAABA8F1F377D290036742F /* Products */,
			);
			sourceTree = "<group>";
		};
		BAAABA8F1F377D290036742F /* Products */ = {
			isa = PBXGroup;
			children = (
				BAAABA8E1F377D290036742F /* Foo.app */,
			);
			name = Products;
			sourceTree = "<group>";
		};
		BAAABA901F377D290036742F /* Foo */ = {
			isa = PBXGroup;
			children = (
				BAAABA911F377D290036742F /* AppDelegate.swift */,
				BAAABA931F377D290036742F /* ViewController.swift */,
				BAAABA951F377D290036742F /* Main.storyboard */,
				BAAABA9B1F377D290036742F /* Assets.xcassets */,
				BAAABA9D1F377D290036742F /* LaunchScreen.storyboard */,
				BAAABAA01F377D290036742F /* Info.plist */,
				BAAABA981F377D290036742F /* Foo.xcdatamodeld */,
			);
			path = Foo;
			sourceTree = "<group>";
		};
/* End PBXGroup section */

/* Begin PBXNativeTarget section */
		BAAABA8D1F377D290036742F /* Foo */ = {
			isa = PBXNativeTarget;
			buildConfigurationList = BAAABAA31F377D290036742F /* Build configuration list for PBXNativeTarget "Foo" */;
			buildPhases = (
				BAAABA8A1F377D290036742F /* Sources */,
				BAAABA8B1F377D290036742F /* Frameworks */,
				BAAABA8C1F377D290036742F /* Resources */,
			);
			buildRules = (
			);
			dependencies = (
			);
			name = Foo;
			productName = Foo;
			productReference = BAAABA8E1F377D290036742F /* Foo.app */;
			productType = "com.apple.product-type.application";
		};
/* End PBXNativeTarget section */

/* Begin PBXProject section */
		BAAABA861F377D290036742F /* Project object */ = {
			isa = PBXProject;
			attributes = {
				LastSwiftUpdateCheck = 0830;
				LastUpgradeCheck = 0830;
				ORGANIZATIONNAME = henry;
				TargetAttributes = {
					BAAABA8D1F377D290036742F = {
						CreatedOnToolsVersion = 8.3.3;
						DevelopmentTeam = AZDTL9RMV6;
						ProvisioningStyle = Automatic;
					};
				};
			};
			buildConfigurationList = BAAABA891F377D290036742F /* Build configuration list for PBXProject "Foo" */;
			compatibilityVersion = "Xcode 3.2";
			developmentRegion = English;
			hasScannedForEncodings = 0;
			knownRegions = (
				en,
				Base,
			);
			mainGroup = BAAABA851F377D290036742F;
			productRefGroup = BAAABA8F1F377D290036742F /* Products */;
			projectDirPath = "";
			projectRoot = "";
			targets = (
				BAAABA8D1F377D290036742F /* Foo */,
			);
		};
/* End PBXProject section */

/* Begin PBXResourcesBuildPhase section */
		BAAABA8C1F377D290036742F /* Resources */ = {
			isa = PBXResourcesBuildPhase;
			buildActionMask = 2147483647;
			files = (
				BAAABA9F1F377D290036742F /* LaunchScreen.storyboard in Resources */,
				BAAABA9C1F377D290036742F /* Assets.xcassets in Resources */,
				BAAABA971F377D290036742F /* Main.storyboard in Resources */,
			);
			runOnlyForDeploymentPostprocessing = 0;
		};
/* End PBXResourcesBuildPhase section */

/* Begin PBXSourcesBuildPhase section */
		BAAABA8A1F377D290036742F /* Sources */ = {
			isa = PBXSourcesBuildPhase;
			buildActionMask = 2147483647;
			files = (
				BAAABA9A1F377D290036742F /* Foo.xcdatamodeld in Sources */,
				BAAABA941F377D290036742F /* ViewController.swift in Sources */,
				BAAABA921F377D290036742F /* AppDelegate.swift in Sources */,
			);
			runOnlyForDeploymentPostprocessing = 0;
		};
/* End PBXSourcesBuildPhase section */

/* Begin PBXVariantGroup section */
		BAAABA951F377D290036742F /* Main.storyboard */ = {
			isa = PBXVariantGroup;
			children = (
				BAAABA961F377D290036742F /* Base */,
			);
			name = Main.storyboard;
			sourceTree = "<group>";
		};
		BAAABA9D1F377D290036742F /* LaunchScreen.storyboard */ = {
			isa = PBXVariantGroup;
			children = (
				BAAABA9E1F377D290036742F /* Base */,
			);
			name = LaunchScreen.storyboard;
			sourceTree = "<group>";
		};
/* End PBXVariantGroup section */

/* Begin XCBuildConfiguration section */
		BAAABAA11F377D290036742F /* Debug */ = {
			isa = XCBuildConfiguration;
			buildSettings = {
				ALWAYS_SEARCH_USER_PATHS = NO;
				CLANG_ANALYZER_NONNULL = YES;
				CLANG_ANALYZER_NUMBER_OBJECT_CONVERSION = YES_AGGRESSIVE;
				CLANG_CXX_LANGUAGE_STANDARD = "gnu++0x";
				CLANG_CXX_LIBRARY = "libc++";
				CLANG_ENABLE_MODULES = YES;
				CLANG_ENABLE_OBJC_ARC = YES;
				CLANG_WARN_BOOL_CONVERSION = YES;
				CLANG_WARN_CONSTANT_CONVERSION = YES;
				CLANG_WARN_DIRECT_OBJC_ISA_USAGE = YES_ERROR;
				CLANG_WARN_DOCUMENTATION_COMMENTS = YES;
				CLANG_WARN_EMPTY_BODY = YES;
				CLANG_WARN_ENUM_CONVERSION = YES;
				CLANG_WARN_INFINITE_RECURSION = YES;
				CLANG_WARN_INT_CONVERSION = YES;
				CLANG_WARN_OBJC_ROOT_CLASS = YES_ERROR;
				CLANG_WARN_SUSPICIOUS_MOVE = YES;
				CLANG_WARN_UNREACHABLE_CODE = YES;
				CLANG_WARN__DUPLICATE_METHOD_MATCH = YES;
				"CODE_SIGN_IDENTITY[sdk=iphoneos*]" = "iPhone Developer";
				COPY_PHASE_STRIP = NO;
				DEBUG_INFORMATION_FORMAT = dwarf;
				ENABLE_STRICT_OBJC_MSGSEND = YES;
				ENABLE_TESTABILITY = YES;
				GCC_C_LANGUAGE_STANDARD = gnu99;
				GCC_DYNAMIC_NO_PIC = NO;
				GCC_NO_COMMON_BLOCKS = YES;
				GCC_OPTIMIZATION_LEVEL = 0;
				GCC_PREPROCESSOR_DEFINITIONS = (
					"DEBUG=1",
					"$(inherited)",
				);
				GCC_WARN_64_TO_32_BIT_CONVERSION = YES;
				GCC_WARN_ABOUT_RETURN_TYPE = YES_ERROR;
				GCC_WARN_UNDECLARED_SELECTOR = YES;
				GCC_WARN_UNINITIALIZED_AUTOS = YES_AGGRESSIVE;
				GCC_WARN_UNUSED_FUNCTION = YES;
				GCC_WARN_UNUSED_VARIABLE = YES;
				IPHONEOS_DEPLOYMENT_TARGET = 10.3;
				MTL_ENABLE_DEBUG_INFO = YES;
				ONLY_ACTIVE_ARCH = YES;
				SDKROOT = iphoneos;
				SWIFT_ACTIVE_COMPILATION_CONDITIONS = DEBUG;
				SWIFT_OPTIMIZATION_LEVEL = "-Onone";
			};
			name = Debug;
		};
		BAAABAA21F377D290036742F /* Release */ = {
			isa = XCBuildConfiguration;
			buildSettings = {
				ALWAYS_SEARCH_USER_PATHS = NO;
				CLANG_ANALYZER_NONNULL = YES;
				CLANG_ANALYZER_NUMBER_OBJECT_CONVERSION = YES_AGGRESSIVE;
				CLANG_CXX_LANGUAGE_STANDARD = "gnu++0x";
				CLANG_CXX_LIBRARY = "libc++";
				CLANG_ENABLE_MODULES = YES;
				CLANG_ENABLE_OBJC_ARC = YES;
				CLANG_WARN_BOOL_CONVERSION = YES;
				CLANG_WARN_CONSTANT_CONVERSION = YES;
				CLANG_WARN_DIRECT_OBJC_ISA_USAGE = YES_ERROR;
				CLANG_WARN_DOCUMENTATION_COMMENTS = YES;
				CLANG_WARN_EMPTY_BODY = YES;
				CLANG_WARN_ENUM_CONVERSION = YES;
				CLANG_WARN_INFINITE_RECURSION = YES;
				CLANG_WARN_INT_CONVERSION = YES;
				CLANG_WARN_OBJC_ROOT_CLASS = YES_ERROR;
				CLANG_WARN_SUSPICIOUS_MOVE = YES;
				CLANG_WARN_UNREACHABLE_CODE = YES;
				CLANG_WARN__DUPLICATE_METHOD_MATCH = YES;
				"CODE_SIGN_IDENTITY[sdk=iphoneos*]" = "iPhone Developer";
				COPY_PHASE_STRIP = NO;
				DEBUG_INFORMATION_FORMAT = "dwarf-with-dsym";
				ENABLE_NS_ASSERTIONS = NO;
				ENABLE_STRICT_OBJC_MSGSEND = YES;
				GCC_C_LANGUAGE_STANDARD = gnu99;
				GCC_NO_COMMON_BLOCKS = YES;
				GCC_WARN_64_TO_32_BIT_CONVERSION = YES;
				GCC_WARN_ABOUT_RETURN_TYPE = YES_ERROR;
				GCC_WARN_UNDECLARED_SELECTOR = YES;
				GCC_WARN_UNINITIALIZED_AUTOS = YES_AGGRESSIVE;
				GCC_WARN_UNUSED_FUNCTION = YES;
				GCC_WARN_UNUSED_VARIABLE = YES;
				IPHONEOS_DEPLOYMENT_TARGET = 10.3;
				MTL_ENABLE_DEBUG_INFO = NO;
				SDKROOT = iphoneos;
				SWIFT_OPTIMIZATION_LEVEL = "-Owholemodule";
				VALIDATE_PRODUCT = YES;
			};
			name = Release;
		};
		BAAABAA41F377D290036742F /* Debug */ = {
			isa = XCBuildConfiguration;
			buildSettings = {
				ASSETCATALOG_COMPILER_APPICON_NAME = AppIcon;
				DEVELOPMENT_TEAM = AZDTL9RMV6;
				INFOPLIST_FILE = Foo/Info.plist;
				LD_RUNPATH_SEARCH_PATHS = "$(inherited) @executable_path/Frameworks";
				PRODUCT_BUNDLE_IDENTIFIER = com.henry2423.Foo;
				PRODUCT_NAME = "$(TARGET_NAME)";
				SWIFT_VERSION = 3.0;
			};
			name = Debug;
		};
		BAAABAA51F377D290036742F /* Release */ = {
			isa = XCBuildConfiguration;
			buildSettings = {
				ASSETCATALOG_COMPILER_APPICON_NAME = AppIcon;
				DEVELOPMENT_TEAM = AZDTL9RMV6;
				INFOPLIST_FILE = Foo/Info.plist;
				LD_RUNPATH_SEARCH_PATHS = "$(inherited) @executable_path/Frameworks";
				PRODUCT_BUNDLE_IDENTIFIER = com.henry2423.Foo;
				PRODUCT_NAME = "$(TARGET_NAME)";
				SWIFT_VERSION = 3.0;
			};
			name = Release;
		};
/* End XCBuildConfiguration section */

/* Begin XCConfigurationList section */
		BAAABA891F377D290036742F /* Build configuration list for PBXProject "Foo" */ = {
			isa = XCConfigurationList;
			buildConfigurations = (
				BAAABAA11F377D290036742F /* Debug */,
				BAAABAA21F377D290036742F /* Release */,
			);
			defaultConfigurationIsVisible = 0;
			defaultConfigurationName = Release;
		};
		BAAABAA31F377D290036742F /* Build configuration list for PBXNativeTarget "Foo" */ = {
			isa = XCConfigurationList;
			buildConfigurations = (
				BAAABAA41F377D290036742F /* Debug */,
				BAAABAA51F377D290036742F /* Release */,
			);
			defaultConfigurationIsVisible = 0;
		};
/* End XCConfigurationList section */

/* Begin XCVersionGroup section */
		BAAABA981F377D290036742F /* Foo.xcdatamodeld */ = {
			isa = XCVersionGroup;
			children = (
				BAAABA991F377D290036742F /* Foo.xcdatamodel */,
			);
			currentVersion = BAAABA991F377D290036742F /* Foo.xcdatamodel */;
			path = Foo.xcdatamodeld;
			sourceTree = "<group>";
			versionGroupType = wrapper.xcdatamodel;
		};
/* End XCVersionGroup section */
	};
	rootObject = BAAABA861F377D290036742F /* Project object */;
}
